// !$*UTF8*$!
{
	archiveVersion = 1;
	classes = {
	};
	objectVersion = 56;
	objects = {

/* Begin PBXBuildFile section */
		D5BA823C2A8DC63600289EE5 /* isSafeApp.swift in Sources */ = {isa = PBXBuildFile; fileRef = D5BA823B2A8DC63600289EE5 /* isSafeApp.swift */; };
		D5BA823E2A8DC63600289EE5 /* Quakes.swift in Sources */ = {isa = PBXBuildFile; fileRef = D5BA823D2A8DC63600289EE5 /* Quakes.swift */; };
		D5BA82402A8DC63700289EE5 /* Assets.xcassets in Resources */ = {isa = PBXBuildFile; fileRef = D5BA823F2A8DC63700289EE5 /* Assets.xcassets */; };
		D5BA82432A8DC63800289EE5 /* Preview Assets.xcassets in Resources */ = {isa = PBXBuildFile; fileRef = D5BA82422A8DC63800289EE5 /* Preview Assets.xcassets */; };
		D5BA824A2A8DC7D700289EE5 /* Quake.swift in Sources */ = {isa = PBXBuildFile; fileRef = D5BA82492A8DC7D700289EE5 /* Quake.swift */; };
		D5BA824C2A8DC93000289EE5 /* Quake+Color.swift in Sources */ = {isa = PBXBuildFile; fileRef = D5BA824B2A8DC93000289EE5 /* Quake+Color.swift */; };
		D5BA82522A8DCAAF00289EE5 /* QuakeRow.swift in Sources */ = {isa = PBXBuildFile; fileRef = D5BA82512A8DCAAF00289EE5 /* QuakeRow.swift */; };
		D5BA82542A8DCAC400289EE5 /* QuakeMagnitude.swift in Sources */ = {isa = PBXBuildFile; fileRef = D5BA82532A8DCAC400289EE5 /* QuakeMagnitude.swift */; };
		D5BA82572A8DCB0800289EE5 /* Quakes+Toolbar.swift in Sources */ = {isa = PBXBuildFile; fileRef = D5BA82562A8DCB0800289EE5 /* Quakes+Toolbar.swift */; };
		D5BA82592A8DCB1D00289EE5 /* SelectButton.swift in Sources */ = {isa = PBXBuildFile; fileRef = D5BA82582A8DCB1D00289EE5 /* SelectButton.swift */; };
		D5BA825B2A8DCB3500289EE5 /* EditButton.swift in Sources */ = {isa = PBXBuildFile; fileRef = D5BA825A2A8DCB3500289EE5 /* EditButton.swift */; };
		D5BA825D2A8DCB4D00289EE5 /* RefreshButton.swift in Sources */ = {isa = PBXBuildFile; fileRef = D5BA825C2A8DCB4D00289EE5 /* RefreshButton.swift */; };
		D5BA825F2A8DCB7F00289EE5 /* ToolbarStatus.swift in Sources */ = {isa = PBXBuildFile; fileRef = D5BA825E2A8DCB7F00289EE5 /* ToolbarStatus.swift */; };
		D5BA82612A8DCB9A00289EE5 /* DeleteButton.swift in Sources */ = {isa = PBXBuildFile; fileRef = D5BA82602A8DCB9A00289EE5 /* DeleteButton.swift */; };
		D5BA82632A8DDF2400289EE5 /* QuakeError.swift in Sources */ = {isa = PBXBuildFile; fileRef = D5BA82622A8DDF2400289EE5 /* QuakeError.swift */; };
		D5BA826B2A9105B400289EE5 /* isSafeTests.swift in Sources */ = {isa = PBXBuildFile; fileRef = D5BA826A2A9105B400289EE5 /* isSafeTests.swift */; };
		D5BA82722A9105E700289EE5 /* TestData.swift in Sources */ = {isa = PBXBuildFile; fileRef = D5BA82712A9105E700289EE5 /* TestData.swift */; };
/* End PBXBuildFile section */

/* Begin PBXContainerItemProxy section */
		D5BA826C2A9105B400289EE5 /* PBXContainerItemProxy */ = {
			isa = PBXContainerItemProxy;
			containerPortal = D5BA82302A8DC63600289EE5 /* Project object */;
			proxyType = 1;
			remoteGlobalIDString = D5BA82372A8DC63600289EE5;
			remoteInfo = isSafe;
		};
/* End PBXContainerItemProxy section */

/* Begin PBXFileReference section */
		D5BA82382A8DC63600289EE5 /* isSafe.app */ = {isa = PBXFileReference; explicitFileType = wrapper.application; includeInIndex = 0; path = isSafe.app; sourceTree = BUILT_PRODUCTS_DIR; };
		D5BA823B2A8DC63600289EE5 /* isSafeApp.swift */ = {isa = PBXFileReference; lastKnownFileType = sourcecode.swift; path = isSafeApp.swift; sourceTree = "<group>"; };
		D5BA823D2A8DC63600289EE5 /* Quakes.swift */ = {isa = PBXFileReference; lastKnownFileType = sourcecode.swift; path = Quakes.swift; sourceTree = "<group>"; };
		D5BA823F2A8DC63700289EE5 /* Assets.xcassets */ = {isa = PBXFileReference; lastKnownFileType = folder.assetcatalog; path = Assets.xcassets; sourceTree = "<group>"; };
		D5BA82422A8DC63800289EE5 /* Preview Assets.xcassets */ = {isa = PBXFileReference; lastKnownFileType = folder.assetcatalog; path = "Preview Assets.xcassets"; sourceTree = "<group>"; };
		D5BA82492A8DC7D700289EE5 /* Quake.swift */ = {isa = PBXFileReference; lastKnownFileType = sourcecode.swift; path = Quake.swift; sourceTree = "<group>"; };
		D5BA824B2A8DC93000289EE5 /* Quake+Color.swift */ = {isa = PBXFileReference; lastKnownFileType = sourcecode.swift; path = "Quake+Color.swift"; sourceTree = "<group>"; };
		D5BA82512A8DCAAF00289EE5 /* QuakeRow.swift */ = {isa = PBXFileReference; lastKnownFileType = sourcecode.swift; path = QuakeRow.swift; sourceTree = "<group>"; };
		D5BA82532A8DCAC400289EE5 /* QuakeMagnitude.swift */ = {isa = PBXFileReference; lastKnownFileType = sourcecode.swift; path = QuakeMagnitude.swift; sourceTree = "<group>"; };
		D5BA82562A8DCB0800289EE5 /* Quakes+Toolbar.swift */ = {isa = PBXFileReference; lastKnownFileType = sourcecode.swift; path = "Quakes+Toolbar.swift"; sourceTree = "<group>"; };
		D5BA82582A8DCB1D00289EE5 /* SelectButton.swift */ = {isa = PBXFileReference; lastKnownFileType = sourcecode.swift; path = SelectButton.swift; sourceTree = "<group>"; };
		D5BA825A2A8DCB3500289EE5 /* EditButton.swift */ = {isa = PBXFileReference; lastKnownFileType = sourcecode.swift; path = EditButton.swift; sourceTree = "<group>"; };
		D5BA825C2A8DCB4D00289EE5 /* RefreshButton.swift */ = {isa = PBXFileReference; lastKnownFileType = sourcecode.swift; path = RefreshButton.swift; sourceTree = "<group>"; };
		D5BA825E2A8DCB7F00289EE5 /* ToolbarStatus.swift */ = {isa = PBXFileReference; lastKnownFileType = sourcecode.swift; path = ToolbarStatus.swift; sourceTree = "<group>"; };
		D5BA82602A8DCB9A00289EE5 /* DeleteButton.swift */ = {isa = PBXFileReference; lastKnownFileType = sourcecode.swift; path = DeleteButton.swift; sourceTree = "<group>"; };
		D5BA82622A8DDF2400289EE5 /* QuakeError.swift */ = {isa = PBXFileReference; lastKnownFileType = sourcecode.swift; path = QuakeError.swift; sourceTree = "<group>"; };
		D5BA82682A9105B400289EE5 /* isSafeTests.xctest */ = {isa = PBXFileReference; explicitFileType = wrapper.cfbundle; includeInIndex = 0; path = isSafeTests.xctest; sourceTree = BUILT_PRODUCTS_DIR; };
		D5BA826A2A9105B400289EE5 /* isSafeTests.swift */ = {isa = PBXFileReference; lastKnownFileType = sourcecode.swift; path = isSafeTests.swift; sourceTree = "<group>"; };
		D5BA82712A9105E700289EE5 /* TestData.swift */ = {isa = PBXFileReference; lastKnownFileType = sourcecode.swift; path = TestData.swift; sourceTree = "<group>"; };
/* End PBXFileReference section */

/* Begin PBXFrameworksBuildPhase section */
		D5BA82352A8DC63600289EE5 /* Frameworks */ = {
			isa = PBXFrameworksBuildPhase;
			buildActionMask = 2147483647;
			files = (
			);
			runOnlyForDeploymentPostprocessing = 0;
		};
		D5BA82652A9105B400289EE5 /* Frameworks */ = {
			isa = PBXFrameworksBuildPhase;
			buildActionMask = 2147483647;
			files = (
			);
			runOnlyForDeploymentPostprocessing = 0;
		};
/* End PBXFrameworksBuildPhase section */

/* Begin PBXGroup section */
		D5BA822F2A8DC63600289EE5 = {
			isa = PBXGroup;
			children = (
				D5BA823A2A8DC63600289EE5 /* isSafe */,
				D5BA82692A9105B400289EE5 /* isSafeTests */,
				D5BA82392A8DC63600289EE5 /* Products */,
			);
			sourceTree = "<group>";
		};
		D5BA82392A8DC63600289EE5 /* Products */ = {
			isa = PBXGroup;
			children = (
				D5BA82382A8DC63600289EE5 /* isSafe.app */,
				D5BA82682A9105B400289EE5 /* isSafeTests.xctest */,
			);
			name = Products;
			sourceTree = "<group>";
		};
		D5BA823A2A8DC63600289EE5 /* isSafe */ = {
			isa = PBXGroup;
			children = (
				D5BA823B2A8DC63600289EE5 /* isSafeApp.swift */,
				D5BA824D2A8DC95C00289EE5 /* Models */,
				D5BA82502A8DC9A500289EE5 /* Views */,
				D5BA823F2A8DC63700289EE5 /* Assets.xcassets */,
				D5BA82412A8DC63800289EE5 /* Preview Content */,
			);
			path = isSafe;
			sourceTree = "<group>";
		};
		D5BA82412A8DC63800289EE5 /* Preview Content */ = {
			isa = PBXGroup;
			children = (
				D5BA82422A8DC63800289EE5 /* Preview Assets.xcassets */,
			);
			path = "Preview Content";
			sourceTree = "<group>";
		};
		D5BA824D2A8DC95C00289EE5 /* Models */ = {
			isa = PBXGroup;
			children = (
				D5BA82492A8DC7D700289EE5 /* Quake.swift */,
				D5BA82622A8DDF2400289EE5 /* QuakeError.swift */,
				D5BA824B2A8DC93000289EE5 /* Quake+Color.swift */,
			);
			path = Models;
			sourceTree = "<group>";
		};
		D5BA82502A8DC9A500289EE5 /* Views */ = {
			isa = PBXGroup;
			children = (
				D5BA823D2A8DC63600289EE5 /* Quakes.swift */,
				D5BA82512A8DCAAF00289EE5 /* QuakeRow.swift */,
				D5BA82532A8DCAC400289EE5 /* QuakeMagnitude.swift */,
				D5BA82552A8DCAE900289EE5 /* ToolbarContent */,
			);
			path = Views;
			sourceTree = "<group>";
		};
		D5BA82552A8DCAE900289EE5 /* ToolbarContent */ = {
			isa = PBXGroup;
			children = (
				D5BA82562A8DCB0800289EE5 /* Quakes+Toolbar.swift */,
				D5BA82582A8DCB1D00289EE5 /* SelectButton.swift */,
				D5BA825A2A8DCB3500289EE5 /* EditButton.swift */,
				D5BA825C2A8DCB4D00289EE5 /* RefreshButton.swift */,
				D5BA825E2A8DCB7F00289EE5 /* ToolbarStatus.swift */,
				D5BA82602A8DCB9A00289EE5 /* DeleteButton.swift */,
			);
			path = ToolbarContent;
			sourceTree = "<group>";
		};
		D5BA82692A9105B400289EE5 /* isSafeTests */ = {
			isa = PBXGroup;
			children = (
				D5BA826A2A9105B400289EE5 /* isSafeTests.swift */,
				D5BA82712A9105E700289EE5 /* TestData.swift */,
			);
			path = isSafeTests;
			sourceTree = "<group>";
		};
/* End PBXGroup section */

/* Begin PBXNativeTarget section */
		D5BA82372A8DC63600289EE5 /* isSafe */ = {
			isa = PBXNativeTarget;
			buildConfigurationList = D5BA82462A8DC63800289EE5 /* Build configuration list for PBXNativeTarget "isSafe" */;
			buildPhases = (
				D5BA82342A8DC63600289EE5 /* Sources */,
				D5BA82352A8DC63600289EE5 /* Frameworks */,
				D5BA82362A8DC63600289EE5 /* Resources */,
			);
			buildRules = (
			);
			dependencies = (
			);
			name = isSafe;
			productName = isSafe;
			productReference = D5BA82382A8DC63600289EE5 /* isSafe.app */;
			productType = "com.apple.product-type.application";
		};
		D5BA82672A9105B400289EE5 /* isSafeTests */ = {
			isa = PBXNativeTarget;
			buildConfigurationList = D5BA826E2A9105B400289EE5 /* Build configuration list for PBXNativeTarget "isSafeTests" */;
			buildPhases = (
				D5BA82642A9105B400289EE5 /* Sources */,
				D5BA82652A9105B400289EE5 /* Frameworks */,
				D5BA82662A9105B400289EE5 /* Resources */,
			);
			buildRules = (
			);
			dependencies = (
				D5BA826D2A9105B400289EE5 /* PBXTargetDependency */,
			);
			name = isSafeTests;
			productName = isSafeTests;
			productReference = D5BA82682A9105B400289EE5 /* isSafeTests.xctest */;
			productType = "com.apple.product-type.bundle.unit-test";
		};
/* End PBXNativeTarget section */

/* Begin PBXProject section */
		D5BA82302A8DC63600289EE5 /* Project object */ = {
			isa = PBXProject;
			attributes = {
				BuildIndependentTargetsInParallel = 1;
				LastSwiftUpdateCheck = 1430;
				LastUpgradeCheck = 1430;
				TargetAttributes = {
					D5BA82372A8DC63600289EE5 = {
						CreatedOnToolsVersion = 14.3.1;
					};
					D5BA82672A9105B400289EE5 = {
						CreatedOnToolsVersion = 14.3.1;
						TestTargetID = D5BA82372A8DC63600289EE5;
					};
				};
			};
			buildConfigurationList = D5BA82332A8DC63600289EE5 /* Build configuration list for PBXProject "isSafe" */;
			compatibilityVersion = "Xcode 14.0";
			developmentRegion = en;
			hasScannedForEncodings = 0;
			knownRegions = (
				en,
				Base,
			);
			mainGroup = D5BA822F2A8DC63600289EE5;
			productRefGroup = D5BA82392A8DC63600289EE5 /* Products */;
			projectDirPath = "";
			projectRoot = "";
			targets = (
				D5BA82372A8DC63600289EE5 /* isSafe */,
				D5BA82672A9105B400289EE5 /* isSafeTests */,
			);
		};
/* End PBXProject section */

/* Begin PBXResourcesBuildPhase section */
		D5BA82362A8DC63600289EE5 /* Resources */ = {
			isa = PBXResourcesBuildPhase;
			buildActionMask = 2147483647;
			files = (
				D5BA82432A8DC63800289EE5 /* Preview Assets.xcassets in Resources */,
				D5BA82402A8DC63700289EE5 /* Assets.xcassets in Resources */,
			);
			runOnlyForDeploymentPostprocessing = 0;
		};
		D5BA82662A9105B400289EE5 /* Resources */ = {
			isa = PBXResourcesBuildPhase;
			buildActionMask = 2147483647;
			files = (
			);
			runOnlyForDeploymentPostprocessing = 0;
		};
/* End PBXResourcesBuildPhase section */

/* Begin PBXSourcesBuildPhase section */
		D5BA82342A8DC63600289EE5 /* Sources */ = {
			isa = PBXSourcesBuildPhase;
			buildActionMask = 2147483647;
			files = (
				D5BA82542A8DCAC400289EE5 /* QuakeMagnitude.swift in Sources */,
				D5BA825B2A8DCB3500289EE5 /* EditButton.swift in Sources */,
				D5BA82592A8DCB1D00289EE5 /* SelectButton.swift in Sources */,
				D5BA823E2A8DC63600289EE5 /* Quakes.swift in Sources */,
				D5BA825D2A8DCB4D00289EE5 /* RefreshButton.swift in Sources */,
				D5BA824C2A8DC93000289EE5 /* Quake+Color.swift in Sources */,
				D5BA825F2A8DCB7F00289EE5 /* ToolbarStatus.swift in Sources */,
				D5BA82522A8DCAAF00289EE5 /* QuakeRow.swift in Sources */,
				D5BA82612A8DCB9A00289EE5 /* DeleteButton.swift in Sources */,
				D5BA82632A8DDF2400289EE5 /* QuakeError.swift in Sources */,
				D5BA82572A8DCB0800289EE5 /* Quakes+Toolbar.swift in Sources */,
				D5BA824A2A8DC7D700289EE5 /* Quake.swift in Sources */,
				D5BA823C2A8DC63600289EE5 /* isSafeApp.swift in Sources */,
			);
			runOnlyForDeploymentPostprocessing = 0;
		};
		D5BA82642A9105B400289EE5 /* Sources */ = {
			isa = PBXSourcesBuildPhase;
			buildActionMask = 2147483647;
			files = (
				D5BA826B2A9105B400289EE5 /* isSafeTests.swift in Sources */,
				D5BA82722A9105E700289EE5 /* TestData.swift in Sources */,
			);
			runOnlyForDeploymentPostprocessing = 0;
		};
/* End PBXSourcesBuildPhase section */

/* Begin PBXTargetDependency section */
		D5BA826D2A9105B400289EE5 /* PBXTargetDependency */ = {
			isa = PBXTargetDependency;
			target = D5BA82372A8DC63600289EE5 /* isSafe */;
			targetProxy = D5BA826C2A9105B400289EE5 /* PBXContainerItemProxy */;
		};
/* End PBXTargetDependency section */

/* Begin XCBuildConfiguration section */
		D5BA82442A8DC63800289EE5 /* Debug */ = {
			isa = XCBuildConfiguration;
			buildSettings = {
				ALWAYS_SEARCH_USER_PATHS = NO;
				CLANG_ANALYZER_NONNULL = YES;
				CLANG_ANALYZER_NUMBER_OBJECT_CONVERSION = YES_AGGRESSIVE;
				CLANG_CXX_LANGUAGE_STANDARD = "gnu++20";
				CLANG_ENABLE_MODULES = YES;
				CLANG_ENABLE_OBJC_ARC = YES;
				CLANG_ENABLE_OBJC_WEAK = YES;
				CLANG_WARN_BLOCK_CAPTURE_AUTORELEASING = YES;
				CLANG_WARN_BOOL_CONVERSION = YES;
				CLANG_WARN_COMMA = YES;
				CLANG_WARN_CONSTANT_CONVERSION = YES;
				CLANG_WARN_DEPRECATED_OBJC_IMPLEMENTATIONS = YES;
				CLANG_WARN_DIRECT_OBJC_ISA_USAGE = YES_ERROR;
				CLANG_WARN_DOCUMENTATION_COMMENTS = YES;
				CLANG_WARN_EMPTY_BODY = YES;
				CLANG_WARN_ENUM_CONVERSION = YES;
				CLANG_WARN_INFINITE_RECURSION = YES;
				CLANG_WARN_INT_CONVERSION = YES;
				CLANG_WARN_NON_LITERAL_NULL_CONVERSION = YES;
				CLANG_WARN_OBJC_IMPLICIT_RETAIN_SELF = YES;
				CLANG_WARN_OBJC_LITERAL_CONVERSION = YES;
				CLANG_WARN_OBJC_ROOT_CLASS = YES_ERROR;
				CLANG_WARN_QUOTED_INCLUDE_IN_FRAMEWORK_HEADER = YES;
				CLANG_WARN_RANGE_LOOP_ANALYSIS = YES;
				CLANG_WARN_STRICT_PROTOTYPES = YES;
				CLANG_WARN_SUSPICIOUS_MOVE = YES;
				CLANG_WARN_UNGUARDED_AVAILABILITY = YES_AGGRESSIVE;
				CLANG_WARN_UNREACHABLE_CODE = YES;
				CLANG_WARN__DUPLICATE_METHOD_MATCH = YES;
				COPY_PHASE_STRIP = NO;
				DEBUG_INFORMATION_FORMAT = dwarf;
				ENABLE_STRICT_OBJC_MSGSEND = YES;
				ENABLE_TESTABILITY = YES;
				GCC_C_LANGUAGE_STANDARD = gnu11;
				GCC_DYNAMIC_NO_PIC = NO;
				GCC_NO_COMMON_BLOCKS = YES;
				GCC_OPTIMIZATION_LEVEL = 0;
				GCC_PREPROCESSOR_DEFINITIONS = (
					"DEBUG=1",
					"$(inherited)",
				);
				GCC_WARN_64_TO_32_BIT_CONVERSION = YES;
				GCC_WARN_ABOUT_RETURN_TYPE = YES_ERROR;
				GCC_WARN_UNDECLARED_SELECTOR = YES;
				GCC_WARN_UNINITIALIZED_AUTOS = YES_AGGRESSIVE;
				GCC_WARN_UNUSED_FUNCTION = YES;
				GCC_WARN_UNUSED_VARIABLE = YES;
				IPHONEOS_DEPLOYMENT_TARGET = 16.4;
				MTL_ENABLE_DEBUG_INFO = INCLUDE_SOURCE;
				MTL_FAST_MATH = YES;
				ONLY_ACTIVE_ARCH = YES;
				SDKROOT = iphoneos;
				SWIFT_ACTIVE_COMPILATION_CONDITIONS = DEBUG;
				SWIFT_OPTIMIZATION_LEVEL = "-Onone";
			};
			name = Debug;
		};
		D5BA82452A8DC63800289EE5 /* Release */ = {
			isa = XCBuildConfiguration;
			buildSettings = {
				ALWAYS_SEARCH_USER_PATHS = NO;
				CLANG_ANALYZER_NONNULL = YES;
				CLANG_ANALYZER_NUMBER_OBJECT_CONVERSION = YES_AGGRESSIVE;
				CLANG_CXX_LANGUAGE_STANDARD = "gnu++20";
				CLANG_ENABLE_MODULES = YES;
				CLANG_ENABLE_OBJC_ARC = YES;
				CLANG_ENABLE_OBJC_WEAK = YES;
				CLANG_WARN_BLOCK_CAPTURE_AUTORELEASING = YES;
				CLANG_WARN_BOOL_CONVERSION = YES;
				CLANG_WARN_COMMA = YES;
				CLANG_WARN_CONSTANT_CONVERSION = YES;
				CLANG_WARN_DEPRECATED_OBJC_IMPLEMENTATIONS = YES;
				CLANG_WARN_DIRECT_OBJC_ISA_USAGE = YES_ERROR;
				CLANG_WARN_DOCUMENTATION_COMMENTS = YES;
				CLANG_WARN_EMPTY_BODY = YES;
				CLANG_WARN_ENUM_CONVERSION = YES;
				CLANG_WARN_INFINITE_RECURSION = YES;
				CLANG_WARN_INT_CONVERSION = YES;
				CLANG_WARN_NON_LITERAL_NULL_CONVERSION = YES;
				CLANG_WARN_OBJC_IMPLICIT_RETAIN_SELF = YES;
				CLANG_WARN_OBJC_LITERAL_CONVERSION = YES;
				CLANG_WARN_OBJC_ROOT_CLASS = YES_ERROR;
				CLANG_WARN_QUOTED_INCLUDE_IN_FRAMEWORK_HEADER = YES;
				CLANG_WARN_RANGE_LOOP_ANALYSIS = YES;
				CLANG_WARN_STRICT_PROTOTYPES = YES;
				CLANG_WARN_SUSPICIOUS_MOVE = YES;
				CLANG_WARN_UNGUARDED_AVAILABILITY = YES_AGGRESSIVE;
				CLANG_WARN_UNREACHABLE_CODE = YES;
				CLANG_WARN__DUPLICATE_METHOD_MATCH = YES;
				COPY_PHASE_STRIP = NO;
				DEBUG_INFORMATION_FORMAT = "dwarf-with-dsym";
				ENABLE_NS_ASSERTIONS = NO;
				ENABLE_STRICT_OBJC_MSGSEND = YES;
				GCC_C_LANGUAGE_STANDARD = gnu11;
				GCC_NO_COMMON_BLOCKS = YES;
				GCC_WARN_64_TO_32_BIT_CONVERSION = YES;
				GCC_WARN_ABOUT_RETURN_TYPE = YES_ERROR;
				GCC_WARN_UNDECLARED_SELECTOR = YES;
				GCC_WARN_UNINITIALIZED_AUTOS = YES_AGGRESSIVE;
				GCC_WARN_UNUSED_FUNCTION = YES;
				GCC_WARN_UNUSED_VARIABLE = YES;
				IPHONEOS_DEPLOYMENT_TARGET = 16.4;
				MTL_ENABLE_DEBUG_INFO = NO;
				MTL_FAST_MATH = YES;
				SDKROOT = iphoneos;
				SWIFT_COMPILATION_MODE = wholemodule;
				SWIFT_OPTIMIZATION_LEVEL = "-O";
				VALIDATE_PRODUCT = YES;
			};
			name = Release;
		};
		D5BA82472A8DC63800289EE5 /* Debug */ = {
			isa = XCBuildConfiguration;
			buildSettings = {
				ASSETCATALOG_COMPILER_APPICON_NAME = AppIcon;
				ASSETCATALOG_COMPILER_GLOBAL_ACCENT_COLOR_NAME = AccentColor;
				CODE_SIGN_STYLE = Automatic;
				CURRENT_PROJECT_VERSION = 1;
				DEVELOPMENT_ASSET_PATHS = "\"isSafe/Preview Content\"";
				DEVELOPMENT_TEAM = VT76HWWZKL;
				ENABLE_PREVIEWS = YES;
				GENERATE_INFOPLIST_FILE = YES;
				INFOPLIST_KEY_UIApplicationSceneManifest_Generation = YES;
				INFOPLIST_KEY_UIApplicationSupportsIndirectInputEvents = YES;
				INFOPLIST_KEY_UILaunchScreen_Generation = YES;
				INFOPLIST_KEY_UISupportedInterfaceOrientations_iPad = "UIInterfaceOrientationPortrait UIInterfaceOrientationPortraitUpsideDown UIInterfaceOrientationLandscapeLeft UIInterfaceOrientationLandscapeRight";
				INFOPLIST_KEY_UISupportedInterfaceOrientations_iPhone = "UIInterfaceOrientationPortrait UIInterfaceOrientationLandscapeLeft UIInterfaceOrientationLandscapeRight";
				LD_RUNPATH_SEARCH_PATHS = (
					"$(inherited)",
					"@executable_path/Frameworks",
				);
				MARKETING_VERSION = 1.0;
				PRODUCT_BUNDLE_IDENTIFIER = G.isSafe;
				PRODUCT_NAME = "$(TARGET_NAME)";
				SWIFT_EMIT_LOC_STRINGS = YES;
				SWIFT_VERSION = 5.0;
				TARGETED_DEVICE_FAMILY = "1,2";
			};
			name = Debug;
		};
		D5BA82482A8DC63800289EE5 /* Release */ = {
			isa = XCBuildConfiguration;
			buildSettings = {
				ASSETCATALOG_COMPILER_APPICON_NAME = AppIcon;
				ASSETCATALOG_COMPILER_GLOBAL_ACCENT_COLOR_NAME = AccentColor;
				CODE_SIGN_STYLE = Automatic;
				CURRENT_PROJECT_VERSION = 1;
				DEVELOPMENT_ASSET_PATHS = "\"isSafe/Preview Content\"";
				DEVELOPMENT_TEAM = VT76HWWZKL;
				ENABLE_PREVIEWS = YES;
				GENERATE_INFOPLIST_FILE = YES;
				INFOPLIST_KEY_UIApplicationSceneManifest_Generation = YES;
				INFOPLIST_KEY_UIApplicationSupportsIndirectInputEvents = YES;
				INFOPLIST_KEY_UILaunchScreen_Generation = YES;
				INFOPLIST_KEY_UISupportedInterfaceOrientations_iPad = "UIInterfaceOrientationPortrait UIInterfaceOrientationPortraitUpsideDown UIInterfaceOrientationLandscapeLeft UIInterfaceOrientationLandscapeRight";
				INFOPLIST_KEY_UISupportedInterfaceOrientations_iPhone = "UIInterfaceOrientationPortrait UIInterfaceOrientationLandscapeLeft UIInterfaceOrientationLandscapeRight";
				LD_RUNPATH_SEARCH_PATHS = (
					"$(inherited)",
					"@executable_path/Frameworks",
				);
				MARKETING_VERSION = 1.0;
				PRODUCT_BUNDLE_IDENTIFIER = G.isSafe;
				PRODUCT_NAME = "$(TARGET_NAME)";
				SWIFT_EMIT_LOC_STRINGS = YES;
				SWIFT_VERSION = 5.0;
				TARGETED_DEVICE_FAMILY = "1,2";
			};
			name = Release;
		};
		D5BA826F2A9105B400289EE5 /* Debug */ = {
			isa = XCBuildConfiguration;
			buildSettings = {
				BUNDLE_LOADER = "$(TEST_HOST)";
				CODE_SIGN_STYLE = Automatic;
				CURRENT_PROJECT_VERSION = 1;
				DEVELOPMENT_TEAM = VT76HWWZKL;
				GENERATE_INFOPLIST_FILE = YES;
				MARKETING_VERSION = 1.0;
				PRODUCT_BUNDLE_IDENTIFIER = G.isSafeTests;
				PRODUCT_NAME = "$(TARGET_NAME)";
				SWIFT_EMIT_LOC_STRINGS = NO;
				SWIFT_VERSION = 5.0;
				TARGETED_DEVICE_FAMILY = "1,2";
				TEST_HOST = "$(BUILT_PRODUCTS_DIR)/isSafe.app/$(BUNDLE_EXECUTABLE_FOLDER_PATH)/isSafe";
			};
			name = Debug;
		};
		D5BA82702A9105B400289EE5 /* Release */ = {
			isa = XCBuildConfiguration;
			buildSettings = {
				BUNDLE_LOADER = "$(TEST_HOST)";
				CODE_SIGN_STYLE = Automatic;
				CURRENT_PROJECT_VERSION = 1;
				DEVELOPMENT_TEAM = VT76HWWZKL;
				GENERATE_INFOPLIST_FILE = YES;
				MARKETING_VERSION = 1.0;
				PRODUCT_BUNDLE_IDENTIFIER = G.isSafeTests;
				PRODUCT_NAME = "$(TARGET_NAME)";
				SWIFT_EMIT_LOC_STRINGS = NO;
				SWIFT_VERSION = 5.0;
				TARGETED_DEVICE_FAMILY = "1,2";
				TEST_HOST = "$(BUILT_PRODUCTS_DIR)/isSafe.app/$(BUNDLE_EXECUTABLE_FOLDER_PATH)/isSafe";
			};
			name = Release;
		};
/* End XCBuildConfiguration section */

/* Begin XCConfigurationList section */
		D5BA82332A8DC63600289EE5 /* Build configuration list for PBXProject "isSafe" */ = {
			isa = XCConfigurationList;
			buildConfigurations = (
				D5BA82442A8DC63800289EE5 /* Debug */,
				D5BA82452A8DC63800289EE5 /* Release */,
			);
			defaultConfigurationIsVisible = 0;
			defaultConfigurationName = Release;
		};
		D5BA82462A8DC63800289EE5 /* Build configuration list for PBXNativeTarget "isSafe" */ = {
			isa = XCConfigurationList;
			buildConfigurations = (
				D5BA82472A8DC63800289EE5 /* Debug */,
				D5BA82482A8DC63800289EE5 /* Release */,
			);
			defaultConfigurationIsVisible = 0;
			defaultConfigurationName = Release;
		};
		D5BA826E2A9105B400289EE5 /* Build configuration list for PBXNativeTarget "isSafeTests" */ = {
			isa = XCConfigurationList;
			buildConfigurations = (
				D5BA826F2A9105B400289EE5 /* Debug */,
				D5BA82702A9105B400289EE5 /* Release */,
			);
			defaultConfigurationIsVisible = 0;
			defaultConfigurationName = Release;
		};
/* End XCConfigurationList section */
	};
	rootObject = D5BA82302A8DC63600289EE5 /* Project object */;
}
